
Microsoft Visual Studio Solution File, Format Version 12.00
# Visual Studio Version 16
VisualStudioVersion = 16.0.30611.23
MinimumVisualStudioVersion = 10.0.40219.1
Project("{FAE04EC0-301F-11D3-BF4B-00C04F79EFBC}") = "NetCore.Fundamentals.Client.Web", "NetCore.Fundamentals.Client.Web\NetCore.Fundamentals.Client.Web.csproj", "{646FE603-0F00-4A4E-87F3-14839337FD1C}"
EndProject
Global
	GlobalSection(SolutionConfigurationPlatforms) = preSolution
		Debug|Any CPU = Debug|Any CPU
		Release|Any CPU = Release|Any CPU
	EndGlobalSection
	GlobalSection(ProjectConfigurationPlatforms) = postSolution
		{646FE603-0F00-4A4E-87F3-14839337FD1C}.Debug|Any CPU.ActiveCfg = Debug|Any CPU
		{646FE603-0F00-4A4E-87F3-14839337FD1C}.Debug|Any CPU.Build.0 = Debug|Any CPU
		{646FE603-0F00-4A4E-87F3-14839337FD1C}.Release|Any CPU.ActiveCfg = Release|Any CPU
		{646FE603-0F00-4A4E-87F3-14839337FD1C}.Release|Any CPU.Build.0 = Release|Any CPU
	EndGlobalSection
	GlobalSection(SolutionProperties) = preSolution
		HideSolutionNode = FALSE
	EndGlobalSection
	GlobalSection(ExtensibilityGlobals) = postSolution
		SolutionGuid = {8DC7F999-3F5B-4248-AA86-55EA597D687D}
	EndGlobalSection
EndGlobal
